
Microsoft Visual Studio Solution File, Format Version 12.00
# Visual Studio Version 16
VisualStudioVersion = 16.0.29926.136
MinimumVisualStudioVersion = 10.0.40219.1
Project("{9A19103F-16F7-4668-BE54-9A1E7A4F7556}") = "Happlyfox.CSRedisDemo", "Happlyfox.CSRedis.Use\Happlyfox.CSRedisDemo.csproj", "{0D28D855-5505-482A-8AD9-3FAACE152FBD}"
EndProject
Global
	GlobalSection(SolutionConfigurationPlatforms) = preSolution
		Debug|Any CPU = Debug|Any CPU
		Release|Any CPU = Release|Any CPU
	EndGlobalSection
	GlobalSection(ProjectConfigurationPlatforms) = postSolution
		{0D28D855-5505-482A-8AD9-3FAACE152FBD}.Debug|Any CPU.ActiveCfg = Debug|Any CPU
		{0D28D855-5505-482A-8AD9-3FAACE152FBD}.Debug|Any CPU.Build.0 = Debug|Any CPU
		{0D28D855-5505-482A-8AD9-3FAACE152FBD}.Release|Any CPU.ActiveCfg = Release|Any CPU
		{0D28D855-5505-482A-8AD9-3FAACE152FBD}.Release|Any CPU.Build.0 = Release|Any CPU
	EndGlobalSection
	GlobalSection(SolutionProperties) = preSolution
		HideSolutionNode = FALSE
	EndGlobalSection
	GlobalSection(ExtensibilityGlobals) = postSolution
		SolutionGuid = {5C3956DA-1C56-4793-8E1B-E07685B8BFFC}
	EndGlobalSection
EndGlobal
