
Microsoft Visual Studio Solution File, Format Version 12.00
# Visual Studio Version 16
VisualStudioVersion = 16.0.30621.155
MinimumVisualStudioVersion = 10.0.40219.1
Project("{9A19103F-16F7-4668-BE54-9A1E7A4F7556}") = "MemoryCache", "MemoryCache.Demo\MemoryCache.csproj", "{C870DF34-93BF-41AB-9CF4-9D3CD1DFBF6B}"
EndProject
Project("{9A19103F-16F7-4668-BE54-9A1E7A4F7556}") = "BackgroundInConsole", "BackgroundInConsole.Demo\BackgroundInConsole.csproj", "{D3D0E928-C64C-4FC1-8951-56E1326299E4}"
EndProject
Project("{9A19103F-16F7-4668-BE54-9A1E7A4F7556}") = "CSRedisCoreConsole", "CSRedisCoreConsole\CSRedisCoreConsole.csproj", "{234B487E-CAD4-4BC9-A274-1A2DC310DECA}"
EndProject
Project("{FAE04EC0-301F-11D3-BF4B-00C04F79EFBC}") = "NetCoreWebAnalysis", "NetCoreWebAnalysis\NetCoreWebAnalysis.csproj", "{4E1294FD-46B1-4334-89D8-321C95651CC2}"
EndProject
Global
	GlobalSection(SolutionConfigurationPlatforms) = preSolution
		Debug|Any CPU = Debug|Any CPU
		Release|Any CPU = Release|Any CPU
	EndGlobalSection
	GlobalSection(ProjectConfigurationPlatforms) = postSolution
		{C870DF34-93BF-41AB-9CF4-9D3CD1DFBF6B}.Debug|Any CPU.ActiveCfg = Debug|Any CPU
		{C870DF34-93BF-41AB-9CF4-9D3CD1DFBF6B}.Debug|Any CPU.Build.0 = Debug|Any CPU
		{C870DF34-93BF-41AB-9CF4-9D3CD1DFBF6B}.Release|Any CPU.ActiveCfg = Release|Any CPU
		{C870DF34-93BF-41AB-9CF4-9D3CD1DFBF6B}.Release|Any CPU.Build.0 = Release|Any CPU
		{D3D0E928-C64C-4FC1-8951-56E1326299E4}.Debug|Any CPU.ActiveCfg = Debug|Any CPU
		{D3D0E928-C64C-4FC1-8951-56E1326299E4}.Debug|Any CPU.Build.0 = Debug|Any CPU
		{D3D0E928-C64C-4FC1-8951-56E1326299E4}.Release|Any CPU.ActiveCfg = Release|Any CPU
		{D3D0E928-C64C-4FC1-8951-56E1326299E4}.Release|Any CPU.Build.0 = Release|Any CPU
		{234B487E-CAD4-4BC9-A274-1A2DC310DECA}.Debug|Any CPU.ActiveCfg = Debug|Any CPU
		{234B487E-CAD4-4BC9-A274-1A2DC310DECA}.Debug|Any CPU.Build.0 = Debug|Any CPU
		{234B487E-CAD4-4BC9-A274-1A2DC310DECA}.Release|Any CPU.ActiveCfg = Release|Any CPU
		{234B487E-CAD4-4BC9-A274-1A2DC310DECA}.Release|Any CPU.Build.0 = Release|Any CPU
		{4E1294FD-46B1-4334-89D8-321C95651CC2}.Debug|Any CPU.ActiveCfg = Debug|Any CPU
		{4E1294FD-46B1-4334-89D8-321C95651CC2}.Debug|Any CPU.Build.0 = Debug|Any CPU
		{4E1294FD-46B1-4334-89D8-321C95651CC2}.Release|Any CPU.ActiveCfg = Release|Any CPU
		{4E1294FD-46B1-4334-89D8-321C95651CC2}.Release|Any CPU.Build.0 = Release|Any CPU
	EndGlobalSection
	GlobalSection(SolutionProperties) = preSolution
		HideSolutionNode = FALSE
	EndGlobalSection
	GlobalSection(ExtensibilityGlobals) = postSolution
		SolutionGuid = {6A6A719F-735B-465A-B1A2-5E6B1EC7792F}
	EndGlobalSection
EndGlobal
