
Microsoft Visual Studio Solution File, Format Version 12.00
# Visual Studio Version 16
VisualStudioVersion = 16.0.29926.136
MinimumVisualStudioVersion = 10.0.40219.1
Project("{FAE04EC0-301F-11D3-BF4B-00C04F79EFBC}") = "Happlyfpx.WebApi.DockerUse", "Happlyfpx.WebApi.DockerUse\Happlyfpx.WebApi.DockerUse.csproj", "{8F60F6D9-F719-40AB-8BA5-411131E52041}"
EndProject
Global
	GlobalSection(SolutionConfigurationPlatforms) = preSolution
		Debug|Any CPU = Debug|Any CPU
		Release|Any CPU = Release|Any CPU
	EndGlobalSection
	GlobalSection(ProjectConfigurationPlatforms) = postSolution
		{8F60F6D9-F719-40AB-8BA5-411131E52041}.Debug|Any CPU.ActiveCfg = Debug|Any CPU
		{8F60F6D9-F719-40AB-8BA5-411131E52041}.Debug|Any CPU.Build.0 = Debug|Any CPU
		{8F60F6D9-F719-40AB-8BA5-411131E52041}.Release|Any CPU.ActiveCfg = Release|Any CPU
		{8F60F6D9-F719-40AB-8BA5-411131E52041}.Release|Any CPU.Build.0 = Release|Any CPU
	EndGlobalSection
	GlobalSection(SolutionProperties) = preSolution
		HideSolutionNode = FALSE
	EndGlobalSection
	GlobalSection(ExtensibilityGlobals) = postSolution
		SolutionGuid = {8A451890-4F4C-48BC-B9D7-C2150C9D1F54}
	EndGlobalSection
EndGlobal
